<Solution>
  <Folder Name="/Test/" />
  <Project Path="YTSkedy.AzureFunctions/YTSkedy.AzureFunctions.csproj" Id="17572d89-9381-4762-a651-b40ecbf9c2a3" />
  <Project Path="YTSkedy.Infrastructure/YTSkedy.Infrastructure.csproj" />
  <Project Path="YTSkedy.Scheduling.Application/YTSkedy.Scheduling.Application.csproj" />
  <Project Path="YTSkedy.Scheduling.Domain/YTSkedy.Scheduling.Domain.csproj" />
</Solution>
